
Microsoft Visual Studio Solution File, Format Version 12.00
# Visual Studio Version 17
VisualStudioVersion = 17.2.32505.173
MinimumVisualStudioVersion = 10.0.40219.1
Project("{2150E333-8FDC-42A3-9474-1A3956D46DE8}") = "BasicConsumerExample", "BasicConsumerExample", "{577D043B-0A7E-4A65-AF03-E5B0FB1915DD}"
	ProjectSection(SolutionItems) = preProject
		BasicConsumerExample\RabbitMqDocker.txt = BasicConsumerExample\RabbitMqDocker.txt
	EndProjectSection
EndProject
Project("{2150E333-8FDC-42A3-9474-1A3956D46DE8}") = "WorkingQueues", "WorkingQueues", "{C8EA5824-BBB5-478F-87F5-994BAAE653D0}"
EndProject
Project("{9A19103F-16F7-4668-BE54-9A1E7A4F7556}") = "RabbitMqConsoleProducer", "BasicConsumerExample\RabbitMqConsole\RabbitMqConsoleProducer.csproj", "{1B9E089F-7D5C-48BD-96C3-9F192622FE60}"
EndProject
Project("{9A19103F-16F7-4668-BE54-9A1E7A4F7556}") = "RabbitMqConsoleConsumer", "BasicConsumerExample\RabbitMqConsoleConsumer\RabbitMqConsoleConsumer.csproj", "{3F49C67D-45AA-482A-A2A8-0AF9C533153D}"
EndProject
Project("{9A19103F-16F7-4668-BE54-9A1E7A4F7556}") = "RabbitMqConsoleProducer", "WorkingQueues\RabbitMqConsoleProducer\RabbitMqConsoleProducer.csproj", "{DAF97FBB-A0EC-4539-99E8-F37EA5367399}"
EndProject
Project("{9A19103F-16F7-4668-BE54-9A1E7A4F7556}") = "RabbitMqConsoleConsumerOne", "WorkingQueues\RabbitMqConsoleConsumerOne\RabbitMqConsoleConsumerOne.csproj", "{BF967F9A-2156-4FF0-A771-24A46B261EB3}"
EndProject
Project("{9A19103F-16F7-4668-BE54-9A1E7A4F7556}") = "RabbitMqConsoleConsumerTwo", "WorkingQueues\RabbitMqConsoleConsumerTwo\RabbitMqConsoleConsumerTwo.csproj", "{AE87BA9E-7BB1-4598-BD2B-08424B78C9F9}"
EndProject
Project("{2150E333-8FDC-42A3-9474-1A3956D46DE8}") = "WorkingOnteItemPerTime", "WorkingOnteItemPerTime", "{680AF7BB-1D94-4B09-9776-9ACBE0CDAFC0}"
EndProject
Project("{9A19103F-16F7-4668-BE54-9A1E7A4F7556}") = "RabbitMqConsoleProducer", "WorkingOnteItemPerTime\RabbitMqConsoleProducer\RabbitMqConsoleProducer.csproj", "{38F147B9-3BA0-46B9-9E5E-24D7B89667EE}"
EndProject
Project("{2150E333-8FDC-42A3-9474-1A3956D46DE8}") = "PublishSubscribe", "PublishSubscribe", "{DA901A4A-2F33-435B-B1A6-E008D103691D}"
EndProject
Project("{2150E333-8FDC-42A3-9474-1A3956D46DE8}") = "Routing", "Routing", "{803DA5C0-41E0-4C35-95BE-1E1153D672BB}"
EndProject
Project("{2150E333-8FDC-42A3-9474-1A3956D46DE8}") = "Topics", "Topics", "{3CC6B50C-706D-4741-B606-861B0B8A125C}"
EndProject
Project("{9A19103F-16F7-4668-BE54-9A1E7A4F7556}") = "OneItemPerTimeConsumer", "WorkingOnteItemPerTime\OneItemPerTimeConsumer\OneItemPerTimeConsumer.csproj", "{6F1EFDF3-7D3B-4438-AA70-80610FE1E972}"
EndProject
Project("{9A19103F-16F7-4668-BE54-9A1E7A4F7556}") = "TopicConsumerOne", "Topics\ConsumerOne\TopicConsumerOne.csproj", "{406E620D-3A07-42A9-86B1-CB55F5F82841}"
EndProject
Project("{9A19103F-16F7-4668-BE54-9A1E7A4F7556}") = "TopicConsumerTwo", "Topics\ConsumerTwo\TopicConsumerTwo.csproj", "{A4B50874-6156-4338-9977-B7BC311D83C3}"
EndProject
Project("{9A19103F-16F7-4668-BE54-9A1E7A4F7556}") = "TopicConsumerThree", "Topics\ConsumerThree\TopicConsumerThree.csproj", "{5B546BDB-241C-4199-9B32-E68FE8ED46A2}"
EndProject
Project("{9A19103F-16F7-4668-BE54-9A1E7A4F7556}") = "Producer", "Topics\Producer\Producer.csproj", "{2B072EAD-1717-4F56-A5AE-D4571CBDEFCE}"
EndProject
Project("{9A19103F-16F7-4668-BE54-9A1E7A4F7556}") = "EmitLogPublisher", "Routing\EmitLogPublisher\EmitLogPublisher.csproj", "{35875DD9-E6F7-4F86-B9A0-5511CDB93F6A}"
EndProject
Project("{9A19103F-16F7-4668-BE54-9A1E7A4F7556}") = "LogConsumerThree", "Routing\LocConsumerThree\LogConsumerThree.csproj", "{778DEE5C-085D-4A6A-9DA1-EFB3F8AA2ED3}"
EndProject
Project("{9A19103F-16F7-4668-BE54-9A1E7A4F7556}") = "LogConsumerTwo", "Routing\LogConsumerTwo\LogConsumerTwo.csproj", "{F753EF99-BFE3-42F2-854A-2F32BED3D358}"
EndProject
Project("{9A19103F-16F7-4668-BE54-9A1E7A4F7556}") = "LogConsumer", "Routing\LogConsumer\LogConsumer.csproj", "{30331F6C-44CC-4667-9017-428F606A1B73}"
EndProject
Project("{9A19103F-16F7-4668-BE54-9A1E7A4F7556}") = "AnotherSubscribe", "PublishSubscribe\AnotherSubscribe\AnotherSubscribe.csproj", "{13C3743A-0D94-4375-93BE-2B57CE6087B3}"
EndProject
Project("{9A19103F-16F7-4668-BE54-9A1E7A4F7556}") = "Publisher", "PublishSubscribe\Publisher\Publisher.csproj", "{8473898E-262F-41A7-969A-EBA92D7FBBBE}"
EndProject
Project("{9A19103F-16F7-4668-BE54-9A1E7A4F7556}") = "Subscriber", "PublishSubscribe\Subscriber\Subscriber.csproj", "{4BBF864B-4270-4819-B482-F37FF60D03ED}"
EndProject
Global
	GlobalSection(SolutionConfigurationPlatforms) = preSolution
		Debug|Any CPU = Debug|Any CPU
		Release|Any CPU = Release|Any CPU
	EndGlobalSection
	GlobalSection(ProjectConfigurationPlatforms) = postSolution
		{1B9E089F-7D5C-48BD-96C3-9F192622FE60}.Debug|Any CPU.ActiveCfg = Debug|Any CPU
		{1B9E089F-7D5C-48BD-96C3-9F192622FE60}.Debug|Any CPU.Build.0 = Debug|Any CPU
		{1B9E089F-7D5C-48BD-96C3-9F192622FE60}.Release|Any CPU.ActiveCfg = Release|Any CPU
		{1B9E089F-7D5C-48BD-96C3-9F192622FE60}.Release|Any CPU.Build.0 = Release|Any CPU
		{3F49C67D-45AA-482A-A2A8-0AF9C533153D}.Debug|Any CPU.ActiveCfg = Debug|Any CPU
		{3F49C67D-45AA-482A-A2A8-0AF9C533153D}.Debug|Any CPU.Build.0 = Debug|Any CPU
		{3F49C67D-45AA-482A-A2A8-0AF9C533153D}.Release|Any CPU.ActiveCfg = Release|Any CPU
		{3F49C67D-45AA-482A-A2A8-0AF9C533153D}.Release|Any CPU.Build.0 = Release|Any CPU
		{DAF97FBB-A0EC-4539-99E8-F37EA5367399}.Debug|Any CPU.ActiveCfg = Debug|Any CPU
		{DAF97FBB-A0EC-4539-99E8-F37EA5367399}.Debug|Any CPU.Build.0 = Debug|Any CPU
		{DAF97FBB-A0EC-4539-99E8-F37EA5367399}.Release|Any CPU.ActiveCfg = Release|Any CPU
		{DAF97FBB-A0EC-4539-99E8-F37EA5367399}.Release|Any CPU.Build.0 = Release|Any CPU
		{BF967F9A-2156-4FF0-A771-24A46B261EB3}.Debug|Any CPU.ActiveCfg = Debug|Any CPU
		{BF967F9A-2156-4FF0-A771-24A46B261EB3}.Debug|Any CPU.Build.0 = Debug|Any CPU
		{BF967F9A-2156-4FF0-A771-24A46B261EB3}.Release|Any CPU.ActiveCfg = Release|Any CPU
		{BF967F9A-2156-4FF0-A771-24A46B261EB3}.Release|Any CPU.Build.0 = Release|Any CPU
		{AE87BA9E-7BB1-4598-BD2B-08424B78C9F9}.Debug|Any CPU.ActiveCfg = Debug|Any CPU
		{AE87BA9E-7BB1-4598-BD2B-08424B78C9F9}.Debug|Any CPU.Build.0 = Debug|Any CPU
		{AE87BA9E-7BB1-4598-BD2B-08424B78C9F9}.Release|Any CPU.ActiveCfg = Release|Any CPU
		{AE87BA9E-7BB1-4598-BD2B-08424B78C9F9}.Release|Any CPU.Build.0 = Release|Any CPU
		{38F147B9-3BA0-46B9-9E5E-24D7B89667EE}.Debug|Any CPU.ActiveCfg = Debug|Any CPU
		{38F147B9-3BA0-46B9-9E5E-24D7B89667EE}.Debug|Any CPU.Build.0 = Debug|Any CPU
		{38F147B9-3BA0-46B9-9E5E-24D7B89667EE}.Release|Any CPU.ActiveCfg = Release|Any CPU
		{38F147B9-3BA0-46B9-9E5E-24D7B89667EE}.Release|Any CPU.Build.0 = Release|Any CPU
		{6F1EFDF3-7D3B-4438-AA70-80610FE1E972}.Debug|Any CPU.ActiveCfg = Debug|Any CPU
		{6F1EFDF3-7D3B-4438-AA70-80610FE1E972}.Debug|Any CPU.Build.0 = Debug|Any CPU
		{6F1EFDF3-7D3B-4438-AA70-80610FE1E972}.Release|Any CPU.ActiveCfg = Release|Any CPU
		{6F1EFDF3-7D3B-4438-AA70-80610FE1E972}.Release|Any CPU.Build.0 = Release|Any CPU
		{406E620D-3A07-42A9-86B1-CB55F5F82841}.Debug|Any CPU.ActiveCfg = Debug|Any CPU
		{406E620D-3A07-42A9-86B1-CB55F5F82841}.Debug|Any CPU.Build.0 = Debug|Any CPU
		{406E620D-3A07-42A9-86B1-CB55F5F82841}.Release|Any CPU.ActiveCfg = Release|Any CPU
		{406E620D-3A07-42A9-86B1-CB55F5F82841}.Release|Any CPU.Build.0 = Release|Any CPU
		{A4B50874-6156-4338-9977-B7BC311D83C3}.Debug|Any CPU.ActiveCfg = Debug|Any CPU
		{A4B50874-6156-4338-9977-B7BC311D83C3}.Debug|Any CPU.Build.0 = Debug|Any CPU
		{A4B50874-6156-4338-9977-B7BC311D83C3}.Release|Any CPU.ActiveCfg = Release|Any CPU
		{A4B50874-6156-4338-9977-B7BC311D83C3}.Release|Any CPU.Build.0 = Release|Any CPU
		{5B546BDB-241C-4199-9B32-E68FE8ED46A2}.Debug|Any CPU.ActiveCfg = Debug|Any CPU
		{5B546BDB-241C-4199-9B32-E68FE8ED46A2}.Debug|Any CPU.Build.0 = Debug|Any CPU
		{5B546BDB-241C-4199-9B32-E68FE8ED46A2}.Release|Any CPU.ActiveCfg = Release|Any CPU
		{5B546BDB-241C-4199-9B32-E68FE8ED46A2}.Release|Any CPU.Build.0 = Release|Any CPU
		{2B072EAD-1717-4F56-A5AE-D4571CBDEFCE}.Debug|Any CPU.ActiveCfg = Debug|Any CPU
		{2B072EAD-1717-4F56-A5AE-D4571CBDEFCE}.Debug|Any CPU.Build.0 = Debug|Any CPU
		{2B072EAD-1717-4F56-A5AE-D4571CBDEFCE}.Release|Any CPU.ActiveCfg = Release|Any CPU
		{2B072EAD-1717-4F56-A5AE-D4571CBDEFCE}.Release|Any CPU.Build.0 = Release|Any CPU
		{35875DD9-E6F7-4F86-B9A0-5511CDB93F6A}.Debug|Any CPU.ActiveCfg = Debug|Any CPU
		{35875DD9-E6F7-4F86-B9A0-5511CDB93F6A}.Debug|Any CPU.Build.0 = Debug|Any CPU
		{35875DD9-E6F7-4F86-B9A0-5511CDB93F6A}.Release|Any CPU.ActiveCfg = Release|Any CPU
		{35875DD9-E6F7-4F86-B9A0-5511CDB93F6A}.Release|Any CPU.Build.0 = Release|Any CPU
		{778DEE5C-085D-4A6A-9DA1-EFB3F8AA2ED3}.Debug|Any CPU.ActiveCfg = Debug|Any CPU
		{778DEE5C-085D-4A6A-9DA1-EFB3F8AA2ED3}.Debug|Any CPU.Build.0 = Debug|Any CPU
		{778DEE5C-085D-4A6A-9DA1-EFB3F8AA2ED3}.Release|Any CPU.ActiveCfg = Release|Any CPU
		{778DEE5C-085D-4A6A-9DA1-EFB3F8AA2ED3}.Release|Any CPU.Build.0 = Release|Any CPU
		{F753EF99-BFE3-42F2-854A-2F32BED3D358}.Debug|Any CPU.ActiveCfg = Debug|Any CPU
		{F753EF99-BFE3-42F2-854A-2F32BED3D358}.Debug|Any CPU.Build.0 = Debug|Any CPU
		{F753EF99-BFE3-42F2-854A-2F32BED3D358}.Release|Any CPU.ActiveCfg = Release|Any CPU
		{F753EF99-BFE3-42F2-854A-2F32BED3D358}.Release|Any CPU.Build.0 = Release|Any CPU
		{30331F6C-44CC-4667-9017-428F606A1B73}.Debug|Any CPU.ActiveCfg = Debug|Any CPU
		{30331F6C-44CC-4667-9017-428F606A1B73}.Debug|Any CPU.Build.0 = Debug|Any CPU
		{30331F6C-44CC-4667-9017-428F606A1B73}.Release|Any CPU.ActiveCfg = Release|Any CPU
		{30331F6C-44CC-4667-9017-428F606A1B73}.Release|Any CPU.Build.0 = Release|Any CPU
		{13C3743A-0D94-4375-93BE-2B57CE6087B3}.Debug|Any CPU.ActiveCfg = Debug|Any CPU
		{13C3743A-0D94-4375-93BE-2B57CE6087B3}.Debug|Any CPU.Build.0 = Debug|Any CPU
		{13C3743A-0D94-4375-93BE-2B57CE6087B3}.Release|Any CPU.ActiveCfg = Release|Any CPU
		{13C3743A-0D94-4375-93BE-2B57CE6087B3}.Release|Any CPU.Build.0 = Release|Any CPU
		{8473898E-262F-41A7-969A-EBA92D7FBBBE}.Debug|Any CPU.ActiveCfg = Debug|Any CPU
		{8473898E-262F-41A7-969A-EBA92D7FBBBE}.Debug|Any CPU.Build.0 = Debug|Any CPU
		{8473898E-262F-41A7-969A-EBA92D7FBBBE}.Release|Any CPU.ActiveCfg = Release|Any CPU
		{8473898E-262F-41A7-969A-EBA92D7FBBBE}.Release|Any CPU.Build.0 = Release|Any CPU
		{4BBF864B-4270-4819-B482-F37FF60D03ED}.Debug|Any CPU.ActiveCfg = Debug|Any CPU
		{4BBF864B-4270-4819-B482-F37FF60D03ED}.Debug|Any CPU.Build.0 = Debug|Any CPU
		{4BBF864B-4270-4819-B482-F37FF60D03ED}.Release|Any CPU.ActiveCfg = Release|Any CPU
		{4BBF864B-4270-4819-B482-F37FF60D03ED}.Release|Any CPU.Build.0 = Release|Any CPU
	EndGlobalSection
	GlobalSection(SolutionProperties) = preSolution
		HideSolutionNode = FALSE
	EndGlobalSection
	GlobalSection(NestedProjects) = preSolution
		{1B9E089F-7D5C-48BD-96C3-9F192622FE60} = {577D043B-0A7E-4A65-AF03-E5B0FB1915DD}
		{3F49C67D-45AA-482A-A2A8-0AF9C533153D} = {577D043B-0A7E-4A65-AF03-E5B0FB1915DD}
		{DAF97FBB-A0EC-4539-99E8-F37EA5367399} = {C8EA5824-BBB5-478F-87F5-994BAAE653D0}
		{BF967F9A-2156-4FF0-A771-24A46B261EB3} = {C8EA5824-BBB5-478F-87F5-994BAAE653D0}
		{AE87BA9E-7BB1-4598-BD2B-08424B78C9F9} = {C8EA5824-BBB5-478F-87F5-994BAAE653D0}
		{38F147B9-3BA0-46B9-9E5E-24D7B89667EE} = {680AF7BB-1D94-4B09-9776-9ACBE0CDAFC0}
		{6F1EFDF3-7D3B-4438-AA70-80610FE1E972} = {680AF7BB-1D94-4B09-9776-9ACBE0CDAFC0}
		{406E620D-3A07-42A9-86B1-CB55F5F82841} = {3CC6B50C-706D-4741-B606-861B0B8A125C}
		{A4B50874-6156-4338-9977-B7BC311D83C3} = {3CC6B50C-706D-4741-B606-861B0B8A125C}
		{5B546BDB-241C-4199-9B32-E68FE8ED46A2} = {3CC6B50C-706D-4741-B606-861B0B8A125C}
		{2B072EAD-1717-4F56-A5AE-D4571CBDEFCE} = {3CC6B50C-706D-4741-B606-861B0B8A125C}
		{35875DD9-E6F7-4F86-B9A0-5511CDB93F6A} = {803DA5C0-41E0-4C35-95BE-1E1153D672BB}
		{778DEE5C-085D-4A6A-9DA1-EFB3F8AA2ED3} = {803DA5C0-41E0-4C35-95BE-1E1153D672BB}
		{F753EF99-BFE3-42F2-854A-2F32BED3D358} = {803DA5C0-41E0-4C35-95BE-1E1153D672BB}
		{30331F6C-44CC-4667-9017-428F606A1B73} = {803DA5C0-41E0-4C35-95BE-1E1153D672BB}
		{13C3743A-0D94-4375-93BE-2B57CE6087B3} = {DA901A4A-2F33-435B-B1A6-E008D103691D}
		{8473898E-262F-41A7-969A-EBA92D7FBBBE} = {DA901A4A-2F33-435B-B1A6-E008D103691D}
		{4BBF864B-4270-4819-B482-F37FF60D03ED} = {DA901A4A-2F33-435B-B1A6-E008D103691D}
	EndGlobalSection
	GlobalSection(ExtensibilityGlobals) = postSolution
		SolutionGuid = {E1FF2C6B-BA67-4DED-BB79-1061EC6D9C64}
	EndGlobalSection
EndGlobal
